<?xml version="1.0" encoding="utf-8"?>
<Project ToolsVersion="4.0" xmlns="http://schemas.microsoft.com/developer/msbuild/2003">
  <ItemGroup>
    <ClCompile Include="src\baseq2\g_ai.c">
      <Filter>Source Files</Filter>
    </ClCompile>
    <ClCompile Include="src\baseq2\g_chase.c">
      <Filter>Source Files</Filter>
    </ClCompile>
    <ClCompile Include="src\baseq2\g_cmds.c">
      <Filter>Source Files</Filter>
    </ClCompile>
    <ClCompile Include="src\baseq2\g_combat.c">
      <Filter>Source Files</Filter>
    </ClCompile>
    <ClCompile Include="src\baseq2\g_func.c">
      <Filter>Source Files</Filter>
    </ClCompile>
    <ClCompile Include="src\baseq2\g_items.c">
      <Filter>Source Files</Filter>
    </ClCompile>
    <ClCompile Include="src\baseq2\g_main.c">
      <Filter>Source Files</Filter>
    </ClCompile>
    <ClCompile Include="src\baseq2\g_misc.c">
      <Filter>Source Files</Filter>
    </ClCompile>
    <ClCompile Include="src\baseq2\g_monster.c">
      <Filter>Source Files</Filter>
    </ClCompile>
    <ClCompile Include="src\baseq2\g_phys.c">
      <Filter>Source Files</Filter>
    </ClCompile>
    <ClCompile Include="src\baseq2\g_ptrs.c">
      <Filter>Source Files</Filter>
    </ClCompile>
    <ClCompile Include="src\baseq2\g_save.c">
      <Filter>Source Files</Filter>
    </ClCompile>
    <ClCompile Include="src\baseq2\g_spawn.c">
      <Filter>Source Files</Filter>
    </ClCompile>
    <ClCompile Include="src\baseq2\g_svcmds.c">
      <Filter>Source Files</Filter>
    </ClCompile>
    <ClCompile Include="src\baseq2\g_target.c">
      <Filter>Source Files</Filter>
    </ClCompile>
    <ClCompile Include="src\baseq2\g_trigger.c">
      <Filter>Source Files</Filter>
    </ClCompile>
    <ClCompile Include="src\baseq2\g_turret.c">
      <Filter>Source Files</Filter>
    </ClCompile>
    <ClCompile Include="src\baseq2\g_utils.c">
      <Filter>Source Files</Filter>
    </ClCompile>
    <ClCompile Include="src\baseq2\g_weapon.c">
      <Filter>Source Files</Filter>
    </ClCompile>
    <ClCompile Include="src\baseq2\m_actor.c">
      <Filter>Source Files</Filter>
    </ClCompile>
    <ClCompile Include="src\baseq2\m_berserk.c">
      <Filter>Source Files</Filter>
    </ClCompile>
    <ClCompile Include="src\baseq2\m_boss2.c">
      <Filter>Source Files</Filter>
    </ClCompile>
    <ClCompile Include="src\baseq2\m_boss3.c">
      <Filter>Source Files</Filter>
    </ClCompile>
    <ClCompile Include="src\baseq2\m_boss31.c">
      <Filter>Source Files</Filter>
    </ClCompile>
    <ClCompile Include="src\baseq2\m_boss32.c">
      <Filter>Source Files</Filter>
    </ClCompile>
    <ClCompile Include="src\baseq2\m_brain.c">
      <Filter>Source Files</Filter>
    </ClCompile>
    <ClCompile Include="src\baseq2\m_chick.c">
      <Filter>Source Files</Filter>
    </ClCompile>
    <ClCompile Include="src\shared\m_flash.c">
      <Filter>Source Files</Filter>
    </ClCompile>
    <ClCompile Include="src\baseq2\m_flipper.c">
      <Filter>Source Files</Filter>
    </ClCompile>
    <ClCompile Include="src\baseq2\m_float.c">
      <Filter>Source Files</Filter>
    </ClCompile>
    <ClCompile Include="src\baseq2\m_flyer.c">
      <Filter>Source Files</Filter>
    </ClCompile>
    <ClCompile Include="src\baseq2\m_gladiator.c">
      <Filter>Source Files</Filter>
    </ClCompile>
    <ClCompile Include="src\baseq2\m_gunner.c">
      <Filter>Source Files</Filter>
    </ClCompile>
    <ClCompile Include="src\baseq2\m_hover.c">
      <Filter>Source Files</Filter>
    </ClCompile>
    <ClCompile Include="src\baseq2\m_infantry.c">
      <Filter>Source Files</Filter>
    </ClCompile>
    <ClCompile Include="src\baseq2\m_insane.c">
      <Filter>Source Files</Filter>
    </ClCompile>
    <ClCompile Include="src\baseq2\m_medic.c">
      <Filter>Source Files</Filter>
    </ClCompile>
    <ClCompile Include="src\baseq2\m_move.c">
      <Filter>Source Files</Filter>
    </ClCompile>
    <ClCompile Include="src\baseq2\m_mutant.c">
      <Filter>Source Files</Filter>
    </ClCompile>
    <ClCompile Include="src\baseq2\m_parasite.c">
      <Filter>Source Files</Filter>
    </ClCompile>
    <ClCompile Include="src\baseq2\m_soldier.c">
      <Filter>Source Files</Filter>
    </ClCompile>
    <ClCompile Include="src\baseq2\m_supertank.c">
      <Filter>Source Files</Filter>
    </ClCompile>
    <ClCompile Include="src\baseq2\m_tank.c">
      <Filter>Source Files</Filter>
    </ClCompile>
    <ClCompile Include="src\baseq2\p_client.c">
      <Filter>Source Files</Filter>
    </ClCompile>
    <ClCompile Include="src\baseq2\p_hud.c">
      <Filter>Source Files</Filter>
    </ClCompile>
    <ClCompile Include="src\baseq2\p_trail.c">
      <Filter>Source Files</Filter>
    </ClCompile>
    <ClCompile Include="src\baseq2\p_weapon.c">
      <Filter>Source Files</Filter>
    </ClCompile>
    <ClCompile Include="src\baseq2\p_view.c">
      <Filter>Source Files</Filter>
    </ClCompile>
    <ClCompile Include="src\shared\shared.c">
      <Filter>Source Files</Filter>
    </ClCompile>
  </ItemGroup>
  <ItemGroup>
    <ClInclude Include="src\baseq2\g_local.h">
      <Filter>Header Files</Filter>
    </ClInclude>
    <ClInclude Include="src\baseq2\g_ptrs.h">
      <Filter>Header Files</Filter>
    </ClInclude>
    <ClInclude Include="inc\shared\game.h">
      <Filter>Header Files</Filter>
    </ClInclude>
    <ClInclude Include="inc\shared\list.h">
      <Filter>Header Files</Filter>
    </ClInclude>
    <ClInclude Include="src\baseq2\m_actor.h">
      <Filter>Header Files</Filter>
    </ClInclude>
    <ClInclude Include="src\baseq2\m_berserk.h">
      <Filter>Header Files</Filter>
    </ClInclude>
    <ClInclude Include="src\baseq2\m_boss2.h">
      <Filter>Header Files</Filter>
    </ClInclude>
    <ClInclude Include="src\baseq2\m_boss31.h">
      <Filter>Header Files</Filter>
    </ClInclude>
    <ClInclude Include="src\baseq2\m_boss32.h">
      <Filter>Header Files</Filter>
    </ClInclude>
    <ClInclude Include="src\baseq2\m_brain.h">
      <Filter>Header Files</Filter>
    </ClInclude>
    <ClInclude Include="src\baseq2\m_chick.h">
      <Filter>Header Files</Filter>
    </ClInclude>
    <ClInclude Include="src\baseq2\m_flipper.h">
      <Filter>Header Files</Filter>
    </ClInclude>
    <ClInclude Include="src\baseq2\m_float.h">
      <Filter>Header Files</Filter>
    </ClInclude>
    <ClInclude Include="src\baseq2\m_flyer.h">
      <Filter>Header Files</Filter>
    </ClInclude>
    <ClInclude Include="src\baseq2\m_gladiator.h">
      <Filter>Header Files</Filter>
    </ClInclude>
    <ClInclude Include="src\baseq2\m_gunner.h">
      <Filter>Header Files</Filter>
    </ClInclude>
    <ClInclude Include="src\baseq2\m_hover.h">
      <Filter>Header Files</Filter>
    </ClInclude>
    <ClInclude Include="src\baseq2\m_infantry.h">
      <Filter>Header Files</Filter>
    </ClInclude>
    <ClInclude Include="src\baseq2\m_insane.h">
      <Filter>Header Files</Filter>
    </ClInclude>
    <ClInclude Include="src\baseq2\m_medic.h">
      <Filter>Header Files</Filter>
    </ClInclude>
    <ClInclude Include="src\baseq2\m_mutant.h">
      <Filter>Header Files</Filter>
    </ClInclude>
    <ClInclude Include="src\baseq2\m_parasite.h">
      <Filter>Header Files</Filter>
    </ClInclude>
    <ClInclude Include="src\baseq2\m_player.h">
      <Filter>Header Files</Filter>
    </ClInclude>
    <ClInclude Include="src\baseq2\m_rider.h">
      <Filter>Header Files</Filter>
    </ClInclude>
    <ClInclude Include="src\baseq2\m_soldier.h">
      <Filter>Header Files</Filter>
    </ClInclude>
    <ClInclude Include="src\baseq2\m_supertank.h">
      <Filter>Header Files</Filter>
    </ClInclude>
    <ClInclude Include="src\baseq2\m_tank.h">
      <Filter>Header Files</Filter>
    </ClInclude>
    <ClInclude Include="inc\shared\platform.h">
      <Filter>Header Files</Filter>
    </ClInclude>
    <ClInclude Include="inc\shared\shared.h">
      <Filter>Header Files</Filter>
    </ClInclude>
  </ItemGroup>
  <ItemGroup>
    <Filter Include="Header Files">
      <UniqueIdentifier>{4d83566f-0c8b-453e-8772-d490b2302cdf}</UniqueIdentifier>
    </Filter>
    <Filter Include="Source Files">
      <UniqueIdentifier>{18e56249-67a9-45d5-b59c-acd305b174ae}</UniqueIdentifier>
    </Filter>
    <Filter Include="Resources">
      <UniqueIdentifier>{3e2b5ea2-ffb6-4319-80be-80e9fa5828f9}</UniqueIdentifier>
    </Filter>
  </ItemGroup>
  <ItemGroup>
    <None Include="src\baseq2\game.def">
      <Filter>Resources</Filter>
    </None>
  </ItemGroup>
  <ItemGroup>
    <ResourceCompile Include="src\windows\res\baseq2.rc">
      <Filter>Resources</Filter>
    </ResourceCompile>
  </ItemGroup>
</Project>